
Microsoft Visual Studio Solution File, Format Version 12.00
# Visual Studio 15
VisualStudioVersion = 15.0.28307.329
MinimumVisualStudioVersion = 10.0.40219.1
Project("{9A19103F-16F7-4668-BE54-9A1E7A4F7556}") = "coreHotelRoomBookingAdminPortal", "coreHotelRoomBookingAdminPortal\coreHotelRoomBookingAdminPortal.csproj", "{14A741DB-C6A1-4964-87B4-C078F45BB405}"
EndProject
Project("{9A19103F-16F7-4668-BE54-9A1E7A4F7556}") = "coreHotelRoomBookingUserPanel", "coreHotelRoomBookingUserPanel\coreHotelRoomBookingUserPanel.csproj", "{48D70404-53D9-4472-85C9-5754D08587FE}"
EndProject
Project("{9A19103F-16F7-4668-BE54-9A1E7A4F7556}") = "coreHotelRoomBookingUser.Tests", "coreHotelRoomBookingUser.Tests\coreHotelRoomBookingUser.Tests.csproj", "{CAFCF82C-4B3E-4777-AA5B-D48AA96E6E8E}"
EndProject
Project("{9A19103F-16F7-4668-BE54-9A1E7A4F7556}") = "coreAPIHotelRoomBooking", "coreAPIHotelRoomBooking\coreAPIHotelRoomBooking.csproj", "{7CA10851-77EA-447C-BEB6-E355458C1E72}"
EndProject
Project("{FAE04EC0-301F-11D3-BF4B-00C04F79EFBC}") = "coreAPIHotelRoomBooking.Tests", "coreAPIHotelRoomBooking.Tests\coreAPIHotelRoomBooking.Tests.csproj", "{84B66AC4-5EB1-4E0B-B311-9C1977F6A2C5}"
EndProject
Global
	GlobalSection(SolutionConfigurationPlatforms) = preSolution
		Debug|Any CPU = Debug|Any CPU
		Release|Any CPU = Release|Any CPU
	EndGlobalSection
	GlobalSection(ProjectConfigurationPlatforms) = postSolution
		{14A741DB-C6A1-4964-87B4-C078F45BB405}.Debug|Any CPU.ActiveCfg = Debug|Any CPU
		{14A741DB-C6A1-4964-87B4-C078F45BB405}.Debug|Any CPU.Build.0 = Debug|Any CPU
		{14A741DB-C6A1-4964-87B4-C078F45BB405}.Release|Any CPU.ActiveCfg = Release|Any CPU
		{14A741DB-C6A1-4964-87B4-C078F45BB405}.Release|Any CPU.Build.0 = Release|Any CPU
		{48D70404-53D9-4472-85C9-5754D08587FE}.Debug|Any CPU.ActiveCfg = Debug|Any CPU
		{48D70404-53D9-4472-85C9-5754D08587FE}.Debug|Any CPU.Build.0 = Debug|Any CPU
		{48D70404-53D9-4472-85C9-5754D08587FE}.Release|Any CPU.ActiveCfg = Release|Any CPU
		{48D70404-53D9-4472-85C9-5754D08587FE}.Release|Any CPU.Build.0 = Release|Any CPU
		{CAFCF82C-4B3E-4777-AA5B-D48AA96E6E8E}.Debug|Any CPU.ActiveCfg = Debug|Any CPU
		{CAFCF82C-4B3E-4777-AA5B-D48AA96E6E8E}.Debug|Any CPU.Build.0 = Debug|Any CPU
		{CAFCF82C-4B3E-4777-AA5B-D48AA96E6E8E}.Release|Any CPU.ActiveCfg = Release|Any CPU
		{CAFCF82C-4B3E-4777-AA5B-D48AA96E6E8E}.Release|Any CPU.Build.0 = Release|Any CPU
		{7CA10851-77EA-447C-BEB6-E355458C1E72}.Debug|Any CPU.ActiveCfg = Debug|Any CPU
		{7CA10851-77EA-447C-BEB6-E355458C1E72}.Debug|Any CPU.Build.0 = Debug|Any CPU
		{7CA10851-77EA-447C-BEB6-E355458C1E72}.Release|Any CPU.ActiveCfg = Release|Any CPU
		{7CA10851-77EA-447C-BEB6-E355458C1E72}.Release|Any CPU.Build.0 = Release|Any CPU
		{84B66AC4-5EB1-4E0B-B311-9C1977F6A2C5}.Debug|Any CPU.ActiveCfg = Debug|Any CPU
		{84B66AC4-5EB1-4E0B-B311-9C1977F6A2C5}.Debug|Any CPU.Build.0 = Debug|Any CPU
		{84B66AC4-5EB1-4E0B-B311-9C1977F6A2C5}.Release|Any CPU.ActiveCfg = Release|Any CPU
		{84B66AC4-5EB1-4E0B-B311-9C1977F6A2C5}.Release|Any CPU.Build.0 = Release|Any CPU
	EndGlobalSection
	GlobalSection(SolutionProperties) = preSolution
		HideSolutionNode = FALSE
	EndGlobalSection
	GlobalSection(ExtensibilityGlobals) = postSolution
		SolutionGuid = {C1B92950-9E2D-4CE4-94B8-5B13F60FF68B}
	EndGlobalSection
EndGlobal
